Microsoft Visual Studio Solution File, Format Version 12.00
# Visual Studio 2012
Project("{FAE04EC0-301F-11D3-BF4B-00C04F79EFBC}") = "Trebusat.Mark-Ray", "Trebusat.Mark-Ray.csproj", "{2F38A3B5-736F-44FB-99E4-CDF8626ABE80}"
EndProject
Global
	GlobalSection(SolutionConfigurationPlatforms) = preSolution
	Debug|Any CPU = Debug|Any CPU
	ExportDebug|Any CPU = ExportDebug|Any CPU
	ExportRelease|Any CPU = ExportRelease|Any CPU
	EndGlobalSection
	GlobalSection(ProjectConfigurationPlatforms) = postSolution
		{2F38A3B5-736F-44FB-99E4-CDF8626ABE80}.Debug|Any CPU.ActiveCfg = Debug|Any CPU
		{2F38A3B5-736F-44FB-99E4-CDF8626ABE80}.Debug|Any CPU.Build.0 = Debug|Any CPU
		{2F38A3B5-736F-44FB-99E4-CDF8626ABE80}.ExportDebug|Any CPU.ActiveCfg = ExportDebug|Any CPU
		{2F38A3B5-736F-44FB-99E4-CDF8626ABE80}.ExportDebug|Any CPU.Build.0 = ExportDebug|Any CPU
		{2F38A3B5-736F-44FB-99E4-CDF8626ABE80}.ExportRelease|Any CPU.ActiveCfg = ExportRelease|Any CPU
		{2F38A3B5-736F-44FB-99E4-CDF8626ABE80}.ExportRelease|Any CPU.Build.0 = ExportRelease|Any CPU
	EndGlobalSection
EndGlobal
